// !$*UTF8*$!
{
	archiveVersion = 1;
	classes = {
	};
	objectVersion = 46;
	objects = {

/* Begin PBXBuildFile section */
		36A51D731EE10422008695DA /* Kuba Oms - My Love.mp3 in Resources */ = {isa = PBXBuildFile; fileRef = 36A51D6E1EE10422008695DA /* Kuba Oms - My Love.mp3 */; };
		36A51D741EE10422008695DA /* libmp3lame.a in Frameworks */ = {isa = PBXBuildFile; fileRef = 36A51D701EE10422008695DA /* libmp3lame.a */; };
		36A51D751EE10422008695DA /* JHAudioRecorder.m in Sources */ = {isa = PBXBuildFile; fileRef = 36A51D721EE10422008695DA /* JHAudioRecorder.m */; };
		56F057791DC9820000E762EF /* main.m in Sources */ = {isa = PBXBuildFile; fileRef = 56F057781DC9820000E762EF /* main.m */; };
		56F0577C1DC9820000E762EF /* AppDelegate.m in Sources */ = {isa = PBXBuildFile; fileRef = 56F0577B1DC9820000E762EF /* AppDelegate.m */; };
		56F0577F1DC9820000E762EF /* ViewController.m in Sources */ = {isa = PBXBuildFile; fileRef = 56F0577E1DC9820000E762EF /* ViewController.m */; };
		56F057821DC9820000E762EF /* Main.storyboard in Resources */ = {isa = PBXBuildFile; fileRef = 56F057801DC9820000E762EF /* Main.storyboard */; };
		56F057841DC9820000E762EF /* Assets.xcassets in Resources */ = {isa = PBXBuildFile; fileRef = 56F057831DC9820000E762EF /* Assets.xcassets */; };
		56F057871DC9820000E762EF /* LaunchScreen.storyboard in Resources */ = {isa = PBXBuildFile; fileRef = 56F057851DC9820000E762EF /* LaunchScreen.storyboard */; };
		56F057921DC9820000E762EF /* FFTDemoTests.m in Sources */ = {isa = PBXBuildFile; fileRef = 56F057911DC9820000E762EF /* FFTDemoTests.m */; };
		56F0579D1DC9820000E762EF /* FFTDemoUITests.m in Sources */ = {isa = PBXBuildFile; fileRef = 56F0579C1DC9820000E762EF /* FFTDemoUITests.m */; };
		56F057B21DC9B83C00E762EF /* ShowView.m in Sources */ = {isa = PBXBuildFile; fileRef = 56F057B11DC9B83C00E762EF /* ShowView.m */; };
/* End PBXBuildFile section */

/* Begin PBXContainerItemProxy section */
		56F0578E1DC9820000E762EF /* PBXContainerItemProxy */ = {
			isa = PBXContainerItemProxy;
			containerPortal = 56F0576C1DC9820000E762EF /* Project object */;
			proxyType = 1;
			remoteGlobalIDString = 56F057731DC9820000E762EF;
			remoteInfo = FFTDemo;
		};
		56F057991DC9820000E762EF /* PBXContainerItemProxy */ = {
			isa = PBXContainerItemProxy;
			containerPortal = 56F0576C1DC9820000E762EF /* Project object */;
			proxyType = 1;
			remoteGlobalIDString = 56F057731DC9820000E762EF;
			remoteInfo = FFTDemo;
		};
/* End PBXContainerItemProxy section */

/* Begin PBXFileReference section */
		36A51D6E1EE10422008695DA /* Kuba Oms - My Love.mp3 */ = {isa = PBXFileReference; lastKnownFileType = audio.mp3; path = "Kuba Oms - My Love.mp3"; sourceTree = "<group>"; };
		36A51D6F1EE10422008695DA /* lame.h */ = {isa = PBXFileReference; fileEncoding = 4; lastKnownFileType = sourcecode.c.h; path = lame.h; sourceTree = "<group>"; };
		36A51D701EE10422008695DA /* libmp3lame.a */ = {isa = PBXFileReference; lastKnownFileType = archive.ar; path = libmp3lame.a; sourceTree = "<group>"; };
		36A51D711EE10422008695DA /* JHAudioRecorder.h */ = {isa = PBXFileReference; fileEncoding = 4; lastKnownFileType = sourcecode.c.h; path = JHAudioRecorder.h; sourceTree = "<group>"; };
		36A51D721EE10422008695DA /* JHAudioRecorder.m */ = {isa = PBXFileReference; fileEncoding = 4; lastKnownFileType = sourcecode.c.objc; path = JHAudioRecorder.m; sourceTree = "<group>"; };
		56F057741DC9820000E762EF /* FFTDemo.app */ = {isa = PBXFileReference; explicitFileType = wrapper.application; includeInIndex = 0; path = FFTDemo.app; sourceTree = BUILT_PRODUCTS_DIR; };
		56F057781DC9820000E762EF /* main.m */ = {isa = PBXFileReference; lastKnownFileType = sourcecode.c.objc; path = main.m; sourceTree = "<group>"; };
		56F0577A1DC9820000E762EF /* AppDelegate.h */ = {isa = PBXFileReference; lastKnownFileType = sourcecode.c.h; path = AppDelegate.h; sourceTree = "<group>"; };
		56F0577B1DC9820000E762EF /* AppDelegate.m */ = {isa = PBXFileReference; lastKnownFileType = sourcecode.c.objc; path = AppDelegate.m; sourceTree = "<group>"; };
		56F0577D1DC9820000E762EF /* ViewController.h */ = {isa = PBXFileReference; lastKnownFileType = sourcecode.c.h; path = ViewController.h; sourceTree = "<group>"; };
		56F0577E1DC9820000E762EF /* ViewController.m */ = {isa = PBXFileReference; lastKnownFileType = sourcecode.c.objc; path = ViewController.m; sourceTree = "<group>"; };
		56F057811DC9820000E762EF /* Base */ = {isa = PBXFileReference; lastKnownFileType = file.storyboard; name = Base; path = Base.lproj/Main.storyboard; sourceTree = "<group>"; };
		56F057831DC9820000E762EF /* Assets.xcassets */ = {isa = PBXFileReference; lastKnownFileType = folder.assetcatalog; path = Assets.xcassets; sourceTree = "<group>"; };
		56F057861DC9820000E762EF /* Base */ = {isa = PBXFileReference; lastKnownFileType = file.storyboard; name = Base; path = Base.lproj/LaunchScreen.storyboard; sourceTree = "<group>"; };
		56F057881DC9820000E762EF /* Info.plist */ = {isa = PBXFileReference; lastKnownFileType = text.plist.xml; path = Info.plist; sourceTree = "<group>"; };
		56F0578D1DC9820000E762EF /* FFTDemoTests.xctest */ = {isa = PBXFileReference; explicitFileType = wrapper.cfbundle; includeInIndex = 0; path = FFTDemoTests.xctest; sourceTree = BUILT_PRODUCTS_DIR; };
		56F057911DC9820000E762EF /* FFTDemoTests.m */ = {isa = PBXFileReference; lastKnownFileType = sourcecode.c.objc; path = FFTDemoTests.m; sourceTree = "<group>"; };
		56F057931DC9820000E762EF /* Info.plist */ = {isa = PBXFileReference; lastKnownFileType = text.plist.xml; path = Info.plist; sourceTree = "<group>"; };
		56F057981DC9820000E762EF /* FFTDemoUITests.xctest */ = {isa = PBXFileReference; explicitFileType = wrapper.cfbundle; includeInIndex = 0; path = FFTDemoUITests.xctest; sourceTree = BUILT_PRODUCTS_DIR; };
		56F0579C1DC9820000E762EF /* FFTDemoUITests.m */ = {isa = PBXFileReference; lastKnownFileType = sourcecode.c.objc; path = FFTDemoUITests.m; sourceTree = "<group>"; };
		56F0579E1DC9820000E762EF /* Info.plist */ = {isa = PBXFileReference; lastKnownFileType = text.plist.xml; path = Info.plist; sourceTree = "<group>"; };
		56F057B01DC9B83C00E762EF /* ShowView.h */ = {isa = PBXFileReference; fileEncoding = 4; lastKnownFileType = sourcecode.c.h; path = ShowView.h; sourceTree = "<group>"; };
		56F057B11DC9B83C00E762EF /* ShowView.m */ = {isa = PBXFileReference; fileEncoding = 4; lastKnownFileType = sourcecode.c.objc; path = ShowView.m; sourceTree = "<group>"; };
/* End PBXFileReference section */

/* Begin PBXFrameworksBuildPhase section */
		56F057711DC9820000E762EF /* Frameworks */ = {
			isa = PBXFrameworksBuildPhase;
			buildActionMask = 2147483647;
			files = (
				36A51D741EE10422008695DA /* libmp3lame.a in Frameworks */,
			);
			runOnlyForDeploymentPostprocessing = 0;
		};
		56F0578A1DC9820000E762EF /* Frameworks */ = {
			isa = PBXFrameworksBuildPhase;
			buildActionMask = 2147483647;
			files = (
			);
			runOnlyForDeploymentPostprocessing = 0;
		};
		56F057951DC9820000E762EF /* Frameworks */ = {
			isa = PBXFrameworksBuildPhase;
			buildActionMask = 2147483647;
			files = (
			);
			runOnlyForDeploymentPostprocessing = 0;
		};
/* End PBXFrameworksBuildPhase section */

/* Begin PBXGroup section */
		56F0576B1DC9820000E762EF = {
			isa = PBXGroup;
			children = (
				56F057761DC9820000E762EF /* FFTDemo */,
				56F057901DC9820000E762EF /* FFTDemoTests */,
				56F0579B1DC9820000E762EF /* FFTDemoUITests */,
				56F057751DC9820000E762EF /* Products */,
			);
			sourceTree = "<group>";
		};
		56F057751DC9820000E762EF /* Products */ = {
			isa = PBXGroup;
			children = (
				56F057741DC9820000E762EF /* FFTDemo.app */,
				56F0578D1DC9820000E762EF /* FFTDemoTests.xctest */,
				56F057981DC9820000E762EF /* FFTDemoUITests.xctest */,
			);
			name = Products;
			sourceTree = "<group>";
		};
		56F057761DC9820000E762EF /* FFTDemo */ = {
			isa = PBXGroup;
			children = (
				56F0577A1DC9820000E762EF /* AppDelegate.h */,
				56F0577B1DC9820000E762EF /* AppDelegate.m */,
				56F0577D1DC9820000E762EF /* ViewController.h */,
				56F0577E1DC9820000E762EF /* ViewController.m */,
				56F057B01DC9B83C00E762EF /* ShowView.h */,
				56F057B11DC9B83C00E762EF /* ShowView.m */,
				36A51D6E1EE10422008695DA /* Kuba Oms - My Love.mp3 */,
				36A51D6F1EE10422008695DA /* lame.h */,
				36A51D701EE10422008695DA /* libmp3lame.a */,
				36A51D711EE10422008695DA /* JHAudioRecorder.h */,
				36A51D721EE10422008695DA /* JHAudioRecorder.m */,
				56F057801DC9820000E762EF /* Main.storyboard */,
				56F057831DC9820000E762EF /* Assets.xcassets */,
				56F057851DC9820000E762EF /* LaunchScreen.storyboard */,
				56F057881DC9820000E762EF /* Info.plist */,
				56F057771DC9820000E762EF /* Supporting Files */,
			);
			path = FFTDemo;
			sourceTree = "<group>";
		};
		56F057771DC9820000E762EF /* Supporting Files */ = {
			isa = PBXGroup;
			children = (
				56F057781DC9820000E762EF /* main.m */,
			);
			name = "Supporting Files";
			sourceTree = "<group>";
		};
		56F057901DC9820000E762EF /* FFTDemoTests */ = {
			isa = PBXGroup;
			children = (
				56F057911DC9820000E762EF /* FFTDemoTests.m */,
				56F057931DC9820000E762EF /* Info.plist */,
			);
			path = FFTDemoTests;
			sourceTree = "<group>";
		};
		56F0579B1DC9820000E762EF /* FFTDemoUITests */ = {
			isa = PBXGroup;
			children = (
				56F0579C1DC9820000E762EF /* FFTDemoUITests.m */,
				56F0579E1DC9820000E762EF /* Info.plist */,
			);
			path = FFTDemoUITests;
			sourceTree = "<group>";
		};
/* End PBXGroup section */

/* Begin PBXNativeTarget section */
		56F057731DC9820000E762EF /* FFTDemo */ = {
			isa = PBXNativeTarget;
			buildConfigurationList = 56F057A11DC9820000E762EF /* Build configuration list for PBXNativeTarget "FFTDemo" */;
			buildPhases = (
				56F057701DC9820000E762EF /* Sources */,
				56F057711DC9820000E762EF /* Frameworks */,
				56F057721DC9820000E762EF /* Resources */,
			);
			buildRules = (
			);
			dependencies = (
			);
			name = FFTDemo;
			productName = FFTDemo;
			productReference = 56F057741DC9820000E762EF /* FFTDemo.app */;
			productType = "com.apple.product-type.application";
		};
		56F0578C1DC9820000E762EF /* FFTDemoTests */ = {
			isa = PBXNativeTarget;
			buildConfigurationList = 56F057A41DC9820000E762EF /* Build configuration list for PBXNativeTarget "FFTDemoTests" */;
			buildPhases = (
				56F057891DC9820000E762EF /* Sources */,
				56F0578A1DC9820000E762EF /* Frameworks */,
				56F0578B1DC9820000E762EF /* Resources */,
			);
			buildRules = (
			);
			dependencies = (
				56F0578F1DC9820000E762EF /* PBXTargetDependency */,
			);
			name = FFTDemoTests;
			productName = FFTDemoTests;
			productReference = 56F0578D1DC9820000E762EF /* FFTDemoTests.xctest */;
			productType = "com.apple.product-type.bundle.unit-test";
		};
		56F057971DC9820000E762EF /* FFTDemoUITests */ = {
			isa = PBXNativeTarget;
			buildConfigurationList = 56F057A71DC9820000E762EF /* Build configuration list for PBXNativeTarget "FFTDemoUITests" */;
			buildPhases = (
				56F057941DC9820000E762EF /* Sources */,
				56F057951DC9820000E762EF /* Frameworks */,
				56F057961DC9820000E762EF /* Resources */,
			);
			buildRules = (
			);
			dependencies = (
				56F0579A1DC9820000E762EF /* PBXTargetDependency */,
			);
			name = FFTDemoUITests;
			productName = FFTDemoUITests;
			productReference = 56F057981DC9820000E762EF /* FFTDemoUITests.xctest */;
			productType = "com.apple.product-type.bundle.ui-testing";
		};
/* End PBXNativeTarget section */

/* Begin PBXProject section */
		56F0576C1DC9820000E762EF /* Project object */ = {
			isa = PBXProject;
			attributes = {
				LastUpgradeCheck = 0810;
				ORGANIZATIONNAME = "智觅智能";
				TargetAttributes = {
					56F057731DC9820000E762EF = {
						CreatedOnToolsVersion = 8.1;
						DevelopmentTeam = RCU59W4JZW;
						ProvisioningStyle = Automatic;
					};
					56F0578C1DC9820000E762EF = {
						CreatedOnToolsVersion = 8.1;
						ProvisioningStyle = Automatic;
						TestTargetID = 56F057731DC9820000E762EF;
					};
					56F057971DC9820000E762EF = {
						CreatedOnToolsVersion = 8.1;
						ProvisioningStyle = Automatic;
						TestTargetID = 56F057731DC9820000E762EF;
					};
				};
			};
			buildConfigurationList = 56F0576F1DC9820000E762EF /* Build configuration list for PBXProject "FFTDemo" */;
			compatibilityVersion = "Xcode 3.2";
			developmentRegion = English;
			hasScannedForEncodings = 0;
			knownRegions = (
				en,
				Base,
			);
			mainGroup = 56F0576B1DC9820000E762EF;
			productRefGroup = 56F057751DC9820000E762EF /* Products */;
			projectDirPath = "";
			projectRoot = "";
			targets = (
				56F057731DC9820000E762EF /* FFTDemo */,
				56F0578C1DC9820000E762EF /* FFTDemoTests */,
				56F057971DC9820000E762EF /* FFTDemoUITests */,
			);
		};
/* End PBXProject section */

/* Begin PBXResourcesBuildPhase section */
		56F057721DC9820000E762EF /* Resources */ = {
			isa = PBXResourcesBuildPhase;
			buildActionMask = 2147483647;
			files = (
				56F057871DC9820000E762EF /* LaunchScreen.storyboard in Resources */,
				56F057841DC9820000E762EF /* Assets.xcassets in Resources */,
				56F057821DC9820000E762EF /* Main.storyboard in Resources */,
				36A51D731EE10422008695DA /* Kuba Oms - My Love.mp3 in Resources */,
			);
			runOnlyForDeploymentPostprocessing = 0;
		};
		56F0578B1DC9820000E762EF /* Resources */ = {
			isa = PBXResourcesBuildPhase;
			buildActionMask = 2147483647;
			files = (
			);
			runOnlyForDeploymentPostprocessing = 0;
		};
		56F057961DC9820000E762EF /* Resources */ = {
			isa = PBXResourcesBuildPhase;
			buildActionMask = 2147483647;
			files = (
			);
			runOnlyForDeploymentPostprocessing = 0;
		};
/* End PBXResourcesBuildPhase section */

/* Begin PBXSourcesBuildPhase section */
		56F057701DC9820000E762EF /* Sources */ = {
			isa = PBXSourcesBuildPhase;
			buildActionMask = 2147483647;
			files = (
				36A51D751EE10422008695DA /* JHAudioRecorder.m in Sources */,
				56F0577F1DC9820000E762EF /* ViewController.m in Sources */,
				56F0577C1DC9820000E762EF /* AppDelegate.m in Sources */,
				56F057B21DC9B83C00E762EF /* ShowView.m in Sources */,
				56F057791DC9820000E762EF /* main.m in Sources */,
			);
			runOnlyForDeploymentPostprocessing = 0;
		};
		56F057891DC9820000E762EF /* Sources */ = {
			isa = PBXSourcesBuildPhase;
			buildActionMask = 2147483647;
			files = (
				56F057921DC9820000E762EF /* FFTDemoTests.m in Sources */,
			);
			runOnlyForDeploymentPostprocessing = 0;
		};
		56F057941DC9820000E762EF /* Sources */ = {
			isa = PBXSourcesBuildPhase;
			buildActionMask = 2147483647;
			files = (
				56F0579D1DC9820000E762EF /* FFTDemoUITests.m in Sources */,
			);
			runOnlyForDeploymentPostprocessing = 0;
		};
/* End PBXSourcesBuildPhase section */

/* Begin PBXTargetDependency section */
		56F0578F1DC9820000E762EF /* PBXTargetDependency */ = {
			isa = PBXTargetDependency;
			target = 56F057731DC9820000E762EF /* FFTDemo */;
			targetProxy = 56F0578E1DC9820000E762EF /* PBXContainerItemProxy */;
		};
		56F0579A1DC9820000E762EF /* PBXTargetDependency */ = {
			isa = PBXTargetDependency;
			target = 56F057731DC9820000E762EF /* FFTDemo */;
			targetProxy = 56F057991DC9820000E762EF /* PBXContainerItemProxy */;
		};
/* End PBXTargetDependency section */

/* Begin PBXVariantGroup section */
		56F057801DC9820000E762EF /* Main.storyboard */ = {
			isa = PBXVariantGroup;
			children = (
				56F057811DC9820000E762EF /* Base */,
			);
			name = Main.storyboard;
			sourceTree = "<group>";
		};
		56F057851DC9820000E762EF /* LaunchScreen.storyboard */ = {
			isa = PBXVariantGroup;
			children = (
				56F057861DC9820000E762EF /* Base */,
			);
			name = LaunchScreen.storyboard;
			sourceTree = "<group>";
		};
/* End PBXVariantGroup section */

/* Begin XCBuildConfiguration section */
		56F0579F1DC9820000E762EF /* Debug */ = {
			isa = XCBuildConfiguration;
			buildSettings = {
				ALWAYS_SEARCH_USER_PATHS = NO;
				CLANG_ANALYZER_NONNULL = YES;
				CLANG_CXX_LANGUAGE_STANDARD = "gnu++0x";
				CLANG_CXX_LIBRARY = "libc++";
				CLANG_ENABLE_MODULES = YES;
				CLANG_ENABLE_OBJC_ARC = YES;
				CLANG_WARN_BOOL_CONVERSION = YES;
				CLANG_WARN_CONSTANT_CONVERSION = YES;
				CLANG_WARN_DIRECT_OBJC_ISA_USAGE = YES_ERROR;
				CLANG_WARN_DOCUMENTATION_COMMENTS = YES;
				CLANG_WARN_EMPTY_BODY = YES;
				CLANG_WARN_ENUM_CONVERSION = YES;
				CLANG_WARN_INFINITE_RECURSION = YES;
				CLANG_WARN_INT_CONVERSION = YES;
				CLANG_WARN_OBJC_ROOT_CLASS = YES_ERROR;
				CLANG_WARN_SUSPICIOUS_MOVES = YES;
				CLANG_WARN_UNREACHABLE_CODE = YES;
				CLANG_WARN__DUPLICATE_METHOD_MATCH = YES;
				"CODE_SIGN_IDENTITY[sdk=iphoneos*]" = "iPhone Developer";
				COPY_PHASE_STRIP = NO;
				DEBUG_INFORMATION_FORMAT = dwarf;
				ENABLE_STRICT_OBJC_MSGSEND = YES;
				ENABLE_TESTABILITY = YES;
				GCC_C_LANGUAGE_STANDARD = gnu99;
				GCC_DYNAMIC_NO_PIC = NO;
				GCC_NO_COMMON_BLOCKS = YES;
				GCC_OPTIMIZATION_LEVEL = 0;
				GCC_PREPROCESSOR_DEFINITIONS = (
					"DEBUG=1",
					"$(inherited)",
				);
				GCC_WARN_64_TO_32_BIT_CONVERSION = YES;
				GCC_WARN_ABOUT_RETURN_TYPE = YES_ERROR;
				GCC_WARN_UNDECLARED_SELECTOR = YES;
				GCC_WARN_UNINITIALIZED_AUTOS = YES_AGGRESSIVE;
				GCC_WARN_UNUSED_FUNCTION = YES;
				GCC_WARN_UNUSED_VARIABLE = YES;
				IPHONEOS_DEPLOYMENT_TARGET = 10.1;
				MTL_ENABLE_DEBUG_INFO = YES;
				ONLY_ACTIVE_ARCH = YES;
				SDKROOT = iphoneos;
				TARGETED_DEVICE_FAMILY = "1,2";
			};
			name = Debug;
		};
		56F057A01DC9820000E762EF /* Release */ = {
			isa = XCBuildConfiguration;
			buildSettings = {
				ALWAYS_SEARCH_USER_PATHS = NO;
				CLANG_ANALYZER_NONNULL = YES;
				CLANG_CXX_LANGUAGE_STANDARD = "gnu++0x";
				CLANG_CXX_LIBRARY = "libc++";
				CLANG_ENABLE_MODULES = YES;
				CLANG_ENABLE_OBJC_ARC = YES;
				CLANG_WARN_BOOL_CONVERSION = YES;
				CLANG_WARN_CONSTANT_CONVERSION = YES;
				CLANG_WARN_DIRECT_OBJC_ISA_USAGE = YES_ERROR;
				CLANG_WARN_DOCUMENTATION_COMMENTS = YES;
				CLANG_WARN_EMPTY_BODY = YES;
				CLANG_WARN_ENUM_CONVERSION = YES;
				CLANG_WARN_INFINITE_RECURSION = YES;
				CLANG_WARN_INT_CONVERSION = YES;
				CLANG_WARN_OBJC_ROOT_CLASS = YES_ERROR;
				CLANG_WARN_SUSPICIOUS_MOVES = YES;
				CLANG_WARN_UNREACHABLE_CODE = YES;
				CLANG_WARN__DUPLICATE_METHOD_MATCH = YES;
				"CODE_SIGN_IDENTITY[sdk=iphoneos*]" = "iPhone Developer";
				COPY_PHASE_STRIP = NO;
				DEBUG_INFORMATION_FORMAT = "dwarf-with-dsym";
				ENABLE_NS_ASSERTIONS = NO;
				ENABLE_STRICT_OBJC_MSGSEND = YES;
				GCC_C_LANGUAGE_STANDARD = gnu99;
				GCC_NO_COMMON_BLOCKS = YES;
				GCC_WARN_64_TO_32_BIT_CONVERSION = YES;
				GCC_WARN_ABOUT_RETURN_TYPE = YES_ERROR;
				GCC_WARN_UNDECLARED_SELECTOR = YES;
				GCC_WARN_UNINITIALIZED_AUTOS = YES_AGGRESSIVE;
				GCC_WARN_UNUSED_FUNCTION = YES;
				GCC_WARN_UNUSED_VARIABLE = YES;
				IPHONEOS_DEPLOYMENT_TARGET = 10.1;
				MTL_ENABLE_DEBUG_INFO = NO;
				SDKROOT = iphoneos;
				TARGETED_DEVICE_FAMILY = "1,2";
				VALIDATE_PRODUCT = YES;
			};
			name = Release;
		};
		56F057A21DC9820000E762EF /* Debug */ = {
			isa = XCBuildConfiguration;
			buildSettings = {
				ASSETCATALOG_COMPILER_APPICON_NAME = AppIcon;
				DEVELOPMENT_TEAM = RCU59W4JZW;
				ENABLE_BITCODE = NO;
				INFOPLIST_FILE = FFTDemo/Info.plist;
				IPHONEOS_DEPLOYMENT_TARGET = 9.0;
				LD_RUNPATH_SEARCH_PATHS = "$(inherited) @executable_path/Frameworks";
				LIBRARY_SEARCH_PATHS = (
					"$(inherited)",
					"$(PROJECT_DIR)/FFTDemo",
				);
				PRODUCT_BUNDLE_IDENTIFIER = com.sensology.FFTDemo;
				PRODUCT_NAME = "$(TARGET_NAME)";
			};
			name = Debug;
		};
		56F057A31DC9820000E762EF /* Release */ = {
			isa = XCBuildConfiguration;
			buildSettings = {
				ASSETCATALOG_COMPILER_APPICON_NAME = AppIcon;
				DEVELOPMENT_TEAM = RCU59W4JZW;
				ENABLE_BITCODE = NO;
				INFOPLIST_FILE = FFTDemo/Info.plist;
				IPHONEOS_DEPLOYMENT_TARGET = 9.0;
				LD_RUNPATH_SEARCH_PATHS = "$(inherited) @executable_path/Frameworks";
				LIBRARY_SEARCH_PATHS = (
					"$(inherited)",
					"$(PROJECT_DIR)/FFTDemo",
				);
				PRODUCT_BUNDLE_IDENTIFIER = com.sensology.FFTDemo;
				PRODUCT_NAME = "$(TARGET_NAME)";
			};
			name = Release;
		};
		56F057A51DC9820000E762EF /* Debug */ = {
			isa = XCBuildConfiguration;
			buildSettings = {
				BUNDLE_LOADER = "$(TEST_HOST)";
				INFOPLIST_FILE = FFTDemoTests/Info.plist;
				LD_RUNPATH_SEARCH_PATHS = "$(inherited) @executable_path/Frameworks @loader_path/Frameworks";
				PRODUCT_BUNDLE_IDENTIFIER = com.sensology.FFTDemoTests;
				PRODUCT_NAME = "$(TARGET_NAME)";
				TEST_HOST = "$(BUILT_PRODUCTS_DIR)/FFTDemo.app/FFTDemo";
			};
			name = Debug;
		};
		56F057A61DC9820000E762EF /* Release */ = {
			isa = XCBuildConfiguration;
			buildSettings = {
				BUNDLE_LOADER = "$(TEST_HOST)";
				INFOPLIST_FILE = FFTDemoTests/Info.plist;
				LD_RUNPATH_SEARCH_PATHS = "$(inherited) @executable_path/Frameworks @loader_path/Frameworks";
				PRODUCT_BUNDLE_IDENTIFIER = com.sensology.FFTDemoTests;
				PRODUCT_NAME = "$(TARGET_NAME)";
				TEST_HOST = "$(BUILT_PRODUCTS_DIR)/FFTDemo.app/FFTDemo";
			};
			name = Release;
		};
		56F057A81DC9820000E762EF /* Debug */ = {
			isa = XCBuildConfiguration;
			buildSettings = {
				INFOPLIST_FILE = FFTDemoUITests/Info.plist;
				LD_RUNPATH_SEARCH_PATHS = "$(inherited) @executable_path/Frameworks @loader_path/Frameworks";
				PRODUCT_BUNDLE_IDENTIFIER = com.sensology.FFTDemoUITests;
				PRODUCT_NAME = "$(TARGET_NAME)";
				TEST_TARGET_NAME = FFTDemo;
			};
			name = Debug;
		};
		56F057A91DC9820000E762EF /* Release */ = {
			isa = XCBuildConfiguration;
			buildSettings = {
				INFOPLIST_FILE = FFTDemoUITests/Info.plist;
				LD_RUNPATH_SEARCH_PATHS = "$(inherited) @executable_path/Frameworks @loader_path/Frameworks";
				PRODUCT_BUNDLE_IDENTIFIER = com.sensology.FFTDemoUITests;
				PRODUCT_NAME = "$(TARGET_NAME)";
				TEST_TARGET_NAME = FFTDemo;
			};
			name = Release;
		};
/* End XCBuildConfiguration section */

/* Begin XCConfigurationList section */
		56F0576F1DC9820000E762EF /* Build configuration list for PBXProject "FFTDemo" */ = {
			isa = XCConfigurationList;
			buildConfigurations = (
				56F0579F1DC9820000E762EF /* Debug */,
				56F057A01DC9820000E762EF /* Release */,
			);
			defaultConfigurationIsVisible = 0;
			defaultConfigurationName = Release;
		};
		56F057A11DC9820000E762EF /* Build configuration list for PBXNativeTarget "FFTDemo" */ = {
			isa = XCConfigurationList;
			buildConfigurations = (
				56F057A21DC9820000E762EF /* Debug */,
				56F057A31DC9820000E762EF /* Release */,
			);
			defaultConfigurationIsVisible = 0;
			defaultConfigurationName = Release;
		};
		56F057A41DC9820000E762EF /* Build configuration list for PBXNativeTarget "FFTDemoTests" */ = {
			isa = XCConfigurationList;
			buildConfigurations = (
				56F057A51DC9820000E762EF /* Debug */,
				56F057A61DC9820000E762EF /* Release */,
			);
			defaultConfigurationIsVisible = 0;
			defaultConfigurationName = Release;
		};
		56F057A71DC9820000E762EF /* Build configuration list for PBXNativeTarget "FFTDemoUITests" */ = {
			isa = XCConfigurationList;
			buildConfigurations = (
				56F057A81DC9820000E762EF /* Debug */,
				56F057A91DC9820000E762EF /* Release */,
			);
			defaultConfigurationIsVisible = 0;
			defaultConfigurationName = Release;
		};
/* End XCConfigurationList section */
	};
	rootObject = 56F0576C1DC9820000E762EF /* Project object */;
}
